
Microsoft Visual Studio Solution File, Format Version 12.00
# Visual Studio Version 17
VisualStudioVersion = 17.8.34330.188
MinimumVisualStudioVersion = 10.0.40219.1
Project("{9A19103F-16F7-4668-BE54-9A1E7A4F7556}") = "Lap3_2", "Lap3_2.csproj", "{6A59E6FE-6C3D-4079-982C-47F87503DE55}"
EndProject
Project("{9A19103F-16F7-4668-BE54-9A1E7A4F7556}") = "Lap9", "..\Lap9\Lap9.csproj", "{C456CEC6-3A65-44DA-9CB5-97EEC1F5DE08}"
EndProject
Global
	GlobalSection(SolutionConfigurationPlatforms) = preSolution
		Debug|Any CPU = Debug|Any CPU
		Release|Any CPU = Release|Any CPU
	EndGlobalSection
	GlobalSection(ProjectConfigurationPlatforms) = postSolution
		{6A59E6FE-6C3D-4079-982C-47F87503DE55}.Debug|Any CPU.ActiveCfg = Debug|Any CPU
		{6A59E6FE-6C3D-4079-982C-47F87503DE55}.Debug|Any CPU.Build.0 = Debug|Any CPU
		{6A59E6FE-6C3D-4079-982C-47F87503DE55}.Release|Any CPU.ActiveCfg = Release|Any CPU
		{6A59E6FE-6C3D-4079-982C-47F87503DE55}.Release|Any CPU.Build.0 = Release|Any CPU
		{C456CEC6-3A65-44DA-9CB5-97EEC1F5DE08}.Debug|Any CPU.ActiveCfg = Debug|Any CPU
		{C456CEC6-3A65-44DA-9CB5-97EEC1F5DE08}.Debug|Any CPU.Build.0 = Debug|Any CPU
		{C456CEC6-3A65-44DA-9CB5-97EEC1F5DE08}.Release|Any CPU.ActiveCfg = Release|Any CPU
		{C456CEC6-3A65-44DA-9CB5-97EEC1F5DE08}.Release|Any CPU.Build.0 = Release|Any CPU
	EndGlobalSection
	GlobalSection(SolutionProperties) = preSolution
		HideSolutionNode = FALSE
	EndGlobalSection
	GlobalSection(ExtensibilityGlobals) = postSolution
		SolutionGuid = {920383FB-66DA-4086-842A-AFE23A366F3D}
	EndGlobalSection
EndGlobal
